Microsoft Visual Studio Solution File, Format Version 10.00
# Visual Studio 2008
Project("{8BC9CEB8-8B4A-11D0-8D11-00A0C91BC942}") = "ALL_BUILD", "ALL_BUILD.vcproj", "{1A71DF84-21EB-4BC4-BCE6-6DE1E8D60471}"
	ProjectSection(ProjectDependencies) = postProject
		{AA39CEB7-2938-46A9-885A-E5276C392192} = {AA39CEB7-2938-46A9-885A-E5276C392192}
		{EAA1F741-C018-463C-A390-ECE6399815D4} = {EAA1F741-C018-463C-A390-ECE6399815D4}
	EndProjectSection
EndProject
Project("{8BC9CEB8-8B4A-11D0-8D11-00A0C91BC942}") = "ZERO_CHECK", "ZERO_CHECK.vcproj", "{AA39CEB7-2938-46A9-885A-E5276C392192}"
	ProjectSection(ProjectDependencies) = postProject
	EndProjectSection
EndProject
Project("{8BC9CEB8-8B4A-11D0-8D11-00A0C91BC942}") = "cylinder_segmentation", "cylinder_segmentation.vcproj", "{EAA1F741-C018-463C-A390-ECE6399815D4}"
	ProjectSection(ProjectDependencies) = postProject
		{AA39CEB7-2938-46A9-885A-E5276C392192} = {AA39CEB7-2938-46A9-885A-E5276C392192}
	EndProjectSection
EndProject
Global
	GlobalSection(SolutionConfigurationPlatforms) = preSolution
		Debug|Win32 = Debug|Win32
		Release|Win32 = Release|Win32
		MinSizeRel|Win32 = MinSizeRel|Win32
		RelWithDebInfo|Win32 = RelWithDebInfo|Win32
	EndGlobalSection
	GlobalSection(ProjectConfigurationPlatforms) = postSolution
		{1A71DF84-21EB-4BC4-BCE6-6DE1E8D60471}.Debug|Win32.ActiveCfg = Debug|Win32
		{1A71DF84-21EB-4BC4-BCE6-6DE1E8D60471}.Release|Win32.ActiveCfg = Release|Win32
		{1A71DF84-21EB-4BC4-BCE6-6DE1E8D60471}.MinSizeRel|Win32.ActiveCfg = MinSizeRel|Win32
		{1A71DF84-21EB-4BC4-BCE6-6DE1E8D60471}.RelWithDebInfo|Win32.ActiveCfg = RelWithDebInfo|Win32
		{AA39CEB7-2938-46A9-885A-E5276C392192}.Debug|Win32.ActiveCfg = Debug|Win32
		{AA39CEB7-2938-46A9-885A-E5276C392192}.Debug|Win32.Build.0 = Debug|Win32
		{AA39CEB7-2938-46A9-885A-E5276C392192}.Release|Win32.ActiveCfg = Release|Win32
		{AA39CEB7-2938-46A9-885A-E5276C392192}.Release|Win32.Build.0 = Release|Win32
		{AA39CEB7-2938-46A9-885A-E5276C392192}.MinSizeRel|Win32.ActiveCfg = MinSizeRel|Win32
		{AA39CEB7-2938-46A9-885A-E5276C392192}.MinSizeRel|Win32.Build.0 = MinSizeRel|Win32
		{AA39CEB7-2938-46A9-885A-E5276C392192}.RelWithDebInfo|Win32.ActiveCfg = RelWithDebInfo|Win32
		{AA39CEB7-2938-46A9-885A-E5276C392192}.RelWithDebInfo|Win32.Build.0 = RelWithDebInfo|Win32
		{EAA1F741-C018-463C-A390-ECE6399815D4}.Debug|Win32.ActiveCfg = Debug|Win32
		{EAA1F741-C018-463C-A390-ECE6399815D4}.Debug|Win32.Build.0 = Debug|Win32
		{EAA1F741-C018-463C-A390-ECE6399815D4}.Release|Win32.ActiveCfg = Release|Win32
		{EAA1F741-C018-463C-A390-ECE6399815D4}.Release|Win32.Build.0 = Release|Win32
		{EAA1F741-C018-463C-A390-ECE6399815D4}.MinSizeRel|Win32.ActiveCfg = MinSizeRel|Win32
		{EAA1F741-C018-463C-A390-ECE6399815D4}.MinSizeRel|Win32.Build.0 = MinSizeRel|Win32
		{EAA1F741-C018-463C-A390-ECE6399815D4}.RelWithDebInfo|Win32.ActiveCfg = RelWithDebInfo|Win32
		{EAA1F741-C018-463C-A390-ECE6399815D4}.RelWithDebInfo|Win32.Build.0 = RelWithDebInfo|Win32
	EndGlobalSection
	GlobalSection(ExtensibilityGlobals) = postSolution
	EndGlobalSection
	GlobalSection(ExtensibilityAddIns) = postSolution
	EndGlobalSection
EndGlobal
