Microsoft Visual Studio Solution File, Format Version 10.00
# Visual Studio 2008
Project("{8BC9CEB8-8B4A-11D0-8D11-00A0C91BC942}") = "ALL_BUILD", "ALL_BUILD.vcproj", "{A9305F54-90A8-4DD3-BF1A-705D78B5F84F}"
	ProjectSection(ProjectDependencies) = postProject
		{42FB1F02-1339-4CC0-A4D2-7FDC5F3FA9D5} = {42FB1F02-1339-4CC0-A4D2-7FDC5F3FA9D5}
		{ACAE1F3B-47EC-4AB4-9271-C3D464D00FCC} = {ACAE1F3B-47EC-4AB4-9271-C3D464D00FCC}
	EndProjectSection
EndProject
Project("{8BC9CEB8-8B4A-11D0-8D11-00A0C91BC942}") = "ZERO_CHECK", "ZERO_CHECK.vcproj", "{42FB1F02-1339-4CC0-A4D2-7FDC5F3FA9D5}"
	ProjectSection(ProjectDependencies) = postProject
	EndProjectSection
EndProject
Project("{8BC9CEB8-8B4A-11D0-8D11-00A0C91BC942}") = "cluster_extraction", "cluster_extraction.vcproj", "{ACAE1F3B-47EC-4AB4-9271-C3D464D00FCC}"
	ProjectSection(ProjectDependencies) = postProject
		{42FB1F02-1339-4CC0-A4D2-7FDC5F3FA9D5} = {42FB1F02-1339-4CC0-A4D2-7FDC5F3FA9D5}
	EndProjectSection
EndProject
Global
	GlobalSection(SolutionConfigurationPlatforms) = preSolution
		Debug|Win32 = Debug|Win32
		Release|Win32 = Release|Win32
		MinSizeRel|Win32 = MinSizeRel|Win32
		RelWithDebInfo|Win32 = RelWithDebInfo|Win32
	EndGlobalSection
	GlobalSection(ProjectConfigurationPlatforms) = postSolution
		{A9305F54-90A8-4DD3-BF1A-705D78B5F84F}.Debug|Win32.ActiveCfg = Debug|Win32
		{A9305F54-90A8-4DD3-BF1A-705D78B5F84F}.Release|Win32.ActiveCfg = Release|Win32
		{A9305F54-90A8-4DD3-BF1A-705D78B5F84F}.MinSizeRel|Win32.ActiveCfg = MinSizeRel|Win32
		{A9305F54-90A8-4DD3-BF1A-705D78B5F84F}.RelWithDebInfo|Win32.ActiveCfg = RelWithDebInfo|Win32
		{42FB1F02-1339-4CC0-A4D2-7FDC5F3FA9D5}.Debug|Win32.ActiveCfg = Debug|Win32
		{42FB1F02-1339-4CC0-A4D2-7FDC5F3FA9D5}.Debug|Win32.Build.0 = Debug|Win32
		{42FB1F02-1339-4CC0-A4D2-7FDC5F3FA9D5}.Release|Win32.ActiveCfg = Release|Win32
		{42FB1F02-1339-4CC0-A4D2-7FDC5F3FA9D5}.Release|Win32.Build.0 = Release|Win32
		{42FB1F02-1339-4CC0-A4D2-7FDC5F3FA9D5}.MinSizeRel|Win32.ActiveCfg = MinSizeRel|Win32
		{42FB1F02-1339-4CC0-A4D2-7FDC5F3FA9D5}.MinSizeRel|Win32.Build.0 = MinSizeRel|Win32
		{42FB1F02-1339-4CC0-A4D2-7FDC5F3FA9D5}.RelWithDebInfo|Win32.ActiveCfg = RelWithDebInfo|Win32
		{42FB1F02-1339-4CC0-A4D2-7FDC5F3FA9D5}.RelWithDebInfo|Win32.Build.0 = RelWithDebInfo|Win32
		{ACAE1F3B-47EC-4AB4-9271-C3D464D00FCC}.Debug|Win32.ActiveCfg = Debug|Win32
		{ACAE1F3B-47EC-4AB4-9271-C3D464D00FCC}.Debug|Win32.Build.0 = Debug|Win32
		{ACAE1F3B-47EC-4AB4-9271-C3D464D00FCC}.Release|Win32.ActiveCfg = Release|Win32
		{ACAE1F3B-47EC-4AB4-9271-C3D464D00FCC}.Release|Win32.Build.0 = Release|Win32
		{ACAE1F3B-47EC-4AB4-9271-C3D464D00FCC}.MinSizeRel|Win32.ActiveCfg = MinSizeRel|Win32
		{ACAE1F3B-47EC-4AB4-9271-C3D464D00FCC}.MinSizeRel|Win32.Build.0 = MinSizeRel|Win32
		{ACAE1F3B-47EC-4AB4-9271-C3D464D00FCC}.RelWithDebInfo|Win32.ActiveCfg = RelWithDebInfo|Win32
		{ACAE1F3B-47EC-4AB4-9271-C3D464D00FCC}.RelWithDebInfo|Win32.Build.0 = RelWithDebInfo|Win32
	EndGlobalSection
	GlobalSection(ExtensibilityGlobals) = postSolution
	EndGlobalSection
	GlobalSection(ExtensibilityAddIns) = postSolution
	EndGlobalSection
EndGlobal
