Microsoft Visual Studio Solution File, Format Version 10.00
# Visual Studio 2008
Project("{8BC9CEB8-8B4A-11D0-8D11-00A0C91BC942}") = "ALL_BUILD", "ALL_BUILD.vcproj", "{C154174E-45BE-4A9B-9714-89C044A985FA}"
	ProjectSection(ProjectDependencies) = postProject
		{F13B002E-4154-4E0F-B74A-E94067008EA9} = {F13B002E-4154-4E0F-B74A-E94067008EA9}
		{738983C8-7A80-4EEA-9041-58747A0AAB03} = {738983C8-7A80-4EEA-9041-58747A0AAB03}
	EndProjectSection
EndProject
Project("{8BC9CEB8-8B4A-11D0-8D11-00A0C91BC942}") = "ZERO_CHECK", "ZERO_CHECK.vcproj", "{F13B002E-4154-4E0F-B74A-E94067008EA9}"
	ProjectSection(ProjectDependencies) = postProject
	EndProjectSection
EndProject
Project("{8BC9CEB8-8B4A-11D0-8D11-00A0C91BC942}") = "pairwise_incremental_registration", "pairwise_incremental_registration.vcproj", "{738983C8-7A80-4EEA-9041-58747A0AAB03}"
	ProjectSection(ProjectDependencies) = postProject
		{F13B002E-4154-4E0F-B74A-E94067008EA9} = {F13B002E-4154-4E0F-B74A-E94067008EA9}
	EndProjectSection
EndProject
Global
	GlobalSection(SolutionConfigurationPlatforms) = preSolution
		Debug|Win32 = Debug|Win32
		Release|Win32 = Release|Win32
		MinSizeRel|Win32 = MinSizeRel|Win32
		RelWithDebInfo|Win32 = RelWithDebInfo|Win32
	EndGlobalSection
	GlobalSection(ProjectConfigurationPlatforms) = postSolution
		{C154174E-45BE-4A9B-9714-89C044A985FA}.Debug|Win32.ActiveCfg = Debug|Win32
		{C154174E-45BE-4A9B-9714-89C044A985FA}.Release|Win32.ActiveCfg = Release|Win32
		{C154174E-45BE-4A9B-9714-89C044A985FA}.MinSizeRel|Win32.ActiveCfg = MinSizeRel|Win32
		{C154174E-45BE-4A9B-9714-89C044A985FA}.RelWithDebInfo|Win32.ActiveCfg = RelWithDebInfo|Win32
		{F13B002E-4154-4E0F-B74A-E94067008EA9}.Debug|Win32.ActiveCfg = Debug|Win32
		{F13B002E-4154-4E0F-B74A-E94067008EA9}.Debug|Win32.Build.0 = Debug|Win32
		{F13B002E-4154-4E0F-B74A-E94067008EA9}.Release|Win32.ActiveCfg = Release|Win32
		{F13B002E-4154-4E0F-B74A-E94067008EA9}.Release|Win32.Build.0 = Release|Win32
		{F13B002E-4154-4E0F-B74A-E94067008EA9}.MinSizeRel|Win32.ActiveCfg = MinSizeRel|Win32
		{F13B002E-4154-4E0F-B74A-E94067008EA9}.MinSizeRel|Win32.Build.0 = MinSizeRel|Win32
		{F13B002E-4154-4E0F-B74A-E94067008EA9}.RelWithDebInfo|Win32.ActiveCfg = RelWithDebInfo|Win32
		{F13B002E-4154-4E0F-B74A-E94067008EA9}.RelWithDebInfo|Win32.Build.0 = RelWithDebInfo|Win32
		{738983C8-7A80-4EEA-9041-58747A0AAB03}.Debug|Win32.ActiveCfg = Debug|Win32
		{738983C8-7A80-4EEA-9041-58747A0AAB03}.Debug|Win32.Build.0 = Debug|Win32
		{738983C8-7A80-4EEA-9041-58747A0AAB03}.Release|Win32.ActiveCfg = Release|Win32
		{738983C8-7A80-4EEA-9041-58747A0AAB03}.Release|Win32.Build.0 = Release|Win32
		{738983C8-7A80-4EEA-9041-58747A0AAB03}.MinSizeRel|Win32.ActiveCfg = MinSizeRel|Win32
		{738983C8-7A80-4EEA-9041-58747A0AAB03}.MinSizeRel|Win32.Build.0 = MinSizeRel|Win32
		{738983C8-7A80-4EEA-9041-58747A0AAB03}.RelWithDebInfo|Win32.ActiveCfg = RelWithDebInfo|Win32
		{738983C8-7A80-4EEA-9041-58747A0AAB03}.RelWithDebInfo|Win32.Build.0 = RelWithDebInfo|Win32
	EndGlobalSection
	GlobalSection(ExtensibilityGlobals) = postSolution
	EndGlobalSection
	GlobalSection(ExtensibilityAddIns) = postSolution
	EndGlobalSection
EndGlobal
